{
  "version": 4,
  "terraform_version": "1.3.9",
  "serial": 18,
  "lineage": "798555e9-402a-99af-137a-b94d75fef6f3",
  "outputs": {
    "public_ip": {
      "value": "54.163.209.5",
      "type": "string"
    }
  },
  "resources": [
    {
      "mode": "managed",
      "type": "aws_instance",
      "name": "example_instance",
      "provider": "provider[\"registry.terraform.io/hashicorp/aws\"]",
      "instances": [
        {
          "schema_version": 1,
          "attributes": {
            "ami": "ami-0f34c5ae932e6f0e4",
            "arn": "arn:aws:ec2:us-east-1:792584129020:instance/i-024f247b37bce18a9",
            "associate_public_ip_address": true,
            "availability_zone": "us-east-1b",
            "capacity_reservation_specification": [
              {
                "capacity_reservation_preference": "open",
                "capacity_reservation_target": []
              }
            ],
            "cpu_core_count": 1,
            "cpu_options": [
              {
                "amd_sev_snp": "",
                "core_count": 1,
                "threads_per_core": 2
              }
            ],
            "cpu_threads_per_core": 2,
            "credit_specification": [
              {
                "cpu_credits": "unlimited"
              }
            ],
            "disable_api_stop": false,
            "disable_api_termination": false,
            "ebs_block_device": [],
            "ebs_optimized": false,
            "enclave_options": [
              {
                "enabled": false
              }
            ],
            "ephemeral_block_device": [],
            "get_password_data": false,
            "hibernation": false,
            "host_id": "",
            "host_resource_group_arn": null,
            "iam_instance_profile": "",
            "id": "i-024f247b37bce18a9",
            "instance_initiated_shutdown_behavior": "stop",
            "instance_lifecycle": "",
            "instance_market_options": [],
            "instance_state": "running",
            "instance_type": "t3.micro",
            "ipv6_address_count": 0,
            "ipv6_addresses": [],
            "key_name": "my-keypair",
            "launch_template": [],
            "maintenance_options": [
              {
                "auto_recovery": "default"
              }
            ],
            "metadata_options": [
              {
                "http_endpoint": "enabled",
                "http_put_response_hop_limit": 2,
                "http_tokens": "required",
                "instance_metadata_tags": "disabled"
              }
            ],
            "monitoring": false,
            "network_interface": [],
            "outpost_arn": "",
            "password_data": "",
            "placement_group": "",
            "placement_partition_number": 0,
            "primary_network_interface_id": "eni-0a1a1e32ebc08f9ef",
            "private_dns": "ip-172-31-23-125.ec2.internal",
            "private_dns_name_options": [
              {
                "enable_resource_name_dns_a_record": false,
                "enable_resource_name_dns_aaaa_record": false,
                "hostname_type": "ip-name"
              }
            ],
            "private_ip": "172.31.23.125",
            "public_dns": "ec2-54-163-209-5.compute-1.amazonaws.com",
            "public_ip": "54.163.209.5",
            "root_block_device": [
              {
                "delete_on_termination": true,
                "device_name": "/dev/xvda",
                "encrypted": false,
                "iops": 3000,
                "kms_key_id": "",
                "tags": {},
                "throughput": 125,
                "volume_id": "vol-056ba8139249b0c2f",
                "volume_size": 8,
                "volume_type": "gp3"
              }
            ],
            "secondary_private_ips": [],
            "security_groups": [
              "default"
            ],
            "source_dest_check": true,
            "spot_instance_request_id": "",
            "subnet_id": "subnet-f65166bc",
            "tags": {
              "Name": "example-vm"
            },
            "tags_all": {
              "Name": "example-vm"
            },
            "tenancy": "default",
            "timeouts": null,
            "user_data": null,
            "user_data_base64": null,
            "user_data_replace_on_change": false,
            "volume_tags": null,
            "vpc_security_group_ids": [
              "sg-ca525f88"
            ]
          },
          "sensitive_attributes": [],
          "private": "eyJlMmJmYjczMC1lY2FhLTExZTYtOGY4OC0zNDM2M2JjN2M0YzAiOnsiY3JlYXRlIjo2MDAwMDAwMDAwMDAsImRlbGV0ZSI6MTIwMDAwMDAwMDAwMCwidXBkYXRlIjo2MDAwMDAwMDAwMDB9LCJzY2hlbWFfdmVyc2lvbiI6IjEifQ==",
          "dependencies": [
            "aws_key_pair.my_keypair"
          ]
        }
      ]
    },
    {
      "mode": "managed",
      "type": "aws_key_pair",
      "name": "my_keypair",
      "provider": "provider[\"registry.terraform.io/hashicorp/aws\"]",
      "instances": [
        {
          "schema_version": 1,
          "attributes": {
            "arn": "arn:aws:ec2:us-east-1:792584129020:key-pair/my-keypair",
            "fingerprint": "d8:2e:75:c2:b3:fa:4b:e9:d8:3b:be:36:45:a4:f1:b8",
            "id": "my-keypair",
            "key_name": "my-keypair",
            "key_name_prefix": "",
            "key_pair_id": "key-00541c027ef705575",
            "key_type": "rsa",
            "public_key": "ssh-rsa AAAAB3NzaC1yc2EAAAADAQABAAABgQDEnduPQ149Q/UsRdgDjv5bnON0wwihvt5leXZkplP4TAP5o9G9CzAAyItKPWmf3RwEGy8n2Js0r9/N5Yc2JbDv4hy0ms4pILkNy4Auj4vsgYgq0ztcfxNJDUprJbTB1D7ft/bQNcUaQ9hXYBGz4BXqFoaJMCv4fjj0G9fbugTmGmqX0rWlk49FmmPPEVKZu8+n0QRK/nQ7zD58/gPMoaj4ry8nJQ4TBKdTP6fLxIz21GuVWpJzxW9J09WgLcDZ+Ga4QLhReD6aFLjhRHfRqc5eB1Fm0fBciSoPRUBEXfIElhks5czdhyVYTfxvsjsqsnG8Rn1rMFMGWYd51ovENkooZDN9fAWi0nM0h60WYtYEHSh8AshqPXOnNVoBsJMe4Zxg3Y+iamjT0WZsfXjegUCSBYJhsQhxUYAU7haflzpOqJAya0ZgfxCg6dVZZ0L7fPk/vubJ4R7Hd6z9CG9K8GfgwZqAHVry+n5d9EzS2aJEtie5TxNNyC+f8wIwpKpVKYc= user@DESKTOP-L4VENM4",
            "tags": {},
            "tags_all": {}
          },
          "sensitive_attributes": [],
          "private": "eyJzY2hlbWFfdmVyc2lvbiI6IjEifQ=="
        }
      ]
    },
    {
      "mode": "managed",
      "type": "local_file",
      "name": "public_ip_file",
      "provider": "provider[\"registry.terraform.io/hashicorp/local\"]",
      "instances": [
        {
          "schema_version": 0,
          "attributes": {
            "content": "54.163.209.5",
            "content_base64": null,
            "content_base64sha256": "fI6CDawf0/QfaxsuthZ+Bc9M9V+OwdM5TzzJ26CQN0g=",
            "content_base64sha512": "ILm1Jm04FPmN/OIGr8r1Bs/4JbNIVUUHp9aVJQD79p4zN85JlI+yr2rGW252wdQcmQV+R4qoWEWxU59hw5wdwA==",
            "content_md5": "276c699124da26899fe960316b1012f1",
            "content_sha1": "50650664aeaecf8ab9499c9d2233dc94c3df334f",
            "content_sha256": "7c8e820dac1fd3f41f6b1b2eb6167e05cf4cf55f8ec1d3394f3cc9dba0903748",
            "content_sha512": "20b9b5266d3814f98dfce206afcaf506cff825b348554507a7d6952500fbf69e3337ce49948fb2af6ac65b6e76c1d41c99057e478aa85845b1539f61c39c1dc0",
            "directory_permission": "0777",
            "file_permission": "0777",
            "filename": "public_ip.txt",
            "id": "50650664aeaecf8ab9499c9d2233dc94c3df334f",
            "sensitive_content": null,
            "source": null
          },
          "sensitive_attributes": [],
          "dependencies": [
            "aws_instance.example_instance",
            "aws_key_pair.my_keypair"
          ]
        }
      ]
    }
  ],
  "check_results": null
}
